
Microsoft Visual Studio Solution File, Format Version 12.00
# Visual Studio Version 17
VisualStudioVersion = 17.4.33213.308
MinimumVisualStudioVersion = 10.0.40219.1
Project("{2150E333-8FDC-42A3-9474-1A3956D46DE8}") = "Tests", "Tests", "{9F0C4E43-0878-493F-8C9B-5AF213ED3744}"
EndProject
Project("{2150E333-8FDC-42A3-9474-1A3956D46DE8}") = "Src", "Src", "{A8E356E0-2152-442A-9527-F7D47D2B635A}"
EndProject
Project("{2150E333-8FDC-42A3-9474-1A3956D46DE8}") = "Doc", "Doc", "{1B07DAB7-3070-4F40-A048-3ED8AA6BD2BC}"
EndProject
Project("{2150E333-8FDC-42A3-9474-1A3956D46DE8}") = "SolutionItems", "SolutionItems", "{31B26F5A-CD93-47CB-B3BE-314467534A3C}"
EndProject
Project("{2150E333-8FDC-42A3-9474-1A3956D46DE8}") = "Core", "Core", "{72F8804C-46E9-4223-9E22-DCA8ACFC8995}"
EndProject
Project("{2150E333-8FDC-42A3-9474-1A3956D46DE8}") = "Infrastructure-", "Infrastructure-", "{B1CC8E94-466B-43FB-AF21-68BDB43EED23}"
EndProject
Project("{2150E333-8FDC-42A3-9474-1A3956D46DE8}") = "Presentation", "Presentation", "{D69C378F-21A2-42EB-9A35-13C30267FA6C}"
EndProject
Project("{9A19103F-16F7-4668-BE54-9A1E7A4F7556}") = "Domain", "Domain\Domain.csproj", "{4A3D317B-A094-4808-AF7D-6614704CDA02}"
EndProject
Project("{9A19103F-16F7-4668-BE54-9A1E7A4F7556}") = "Application", "Application\Application.csproj", "{83F96F3C-3926-435D-B039-7CE1BFA40467}"
EndProject
Project("{9A19103F-16F7-4668-BE54-9A1E7A4F7556}") = "Persistence", "Persistence\Persistence.csproj", "{969B4BE2-948C-4813-967F-D55D4C4C3EBA}"
EndProject
Project("{9A19103F-16F7-4668-BE54-9A1E7A4F7556}") = "Infrastructure", "Infrastructure\Infrastructure.csproj", "{27049D52-0719-441F-88AD-DFE5685EEA18}"
EndProject
Project("{9A19103F-16F7-4668-BE54-9A1E7A4F7556}") = "WebSite.EndPoints", "WebSite.EndPoints\WebSite.EndPoints.csproj", "{26DEE86A-B4D2-4586-B2B4-773237750209}"
EndProject
Project("{9A19103F-16F7-4668-BE54-9A1E7A4F7556}") = "Admin.EndPoints", "Admin.EndPoints\Admin.EndPoints.csproj", "{39C123F5-204D-43D2-883B-34DF70699F20}"
EndProject
Global
	GlobalSection(SolutionConfigurationPlatforms) = preSolution
		Debug|Any CPU = Debug|Any CPU
		Release|Any CPU = Release|Any CPU
	EndGlobalSection
	GlobalSection(ProjectConfigurationPlatforms) = postSolution
		{4A3D317B-A094-4808-AF7D-6614704CDA02}.Debug|Any CPU.ActiveCfg = Debug|Any CPU
		{4A3D317B-A094-4808-AF7D-6614704CDA02}.Debug|Any CPU.Build.0 = Debug|Any CPU
		{4A3D317B-A094-4808-AF7D-6614704CDA02}.Release|Any CPU.ActiveCfg = Release|Any CPU
		{4A3D317B-A094-4808-AF7D-6614704CDA02}.Release|Any CPU.Build.0 = Release|Any CPU
		{83F96F3C-3926-435D-B039-7CE1BFA40467}.Debug|Any CPU.ActiveCfg = Debug|Any CPU
		{83F96F3C-3926-435D-B039-7CE1BFA40467}.Debug|Any CPU.Build.0 = Debug|Any CPU
		{83F96F3C-3926-435D-B039-7CE1BFA40467}.Release|Any CPU.ActiveCfg = Release|Any CPU
		{83F96F3C-3926-435D-B039-7CE1BFA40467}.Release|Any CPU.Build.0 = Release|Any CPU
		{969B4BE2-948C-4813-967F-D55D4C4C3EBA}.Debug|Any CPU.ActiveCfg = Debug|Any CPU
		{969B4BE2-948C-4813-967F-D55D4C4C3EBA}.Debug|Any CPU.Build.0 = Debug|Any CPU
		{969B4BE2-948C-4813-967F-D55D4C4C3EBA}.Release|Any CPU.ActiveCfg = Release|Any CPU
		{969B4BE2-948C-4813-967F-D55D4C4C3EBA}.Release|Any CPU.Build.0 = Release|Any CPU
		{27049D52-0719-441F-88AD-DFE5685EEA18}.Debug|Any CPU.ActiveCfg = Debug|Any CPU
		{27049D52-0719-441F-88AD-DFE5685EEA18}.Debug|Any CPU.Build.0 = Debug|Any CPU
		{27049D52-0719-441F-88AD-DFE5685EEA18}.Release|Any CPU.ActiveCfg = Release|Any CPU
		{27049D52-0719-441F-88AD-DFE5685EEA18}.Release|Any CPU.Build.0 = Release|Any CPU
		{26DEE86A-B4D2-4586-B2B4-773237750209}.Debug|Any CPU.ActiveCfg = Debug|Any CPU
		{26DEE86A-B4D2-4586-B2B4-773237750209}.Debug|Any CPU.Build.0 = Debug|Any CPU
		{26DEE86A-B4D2-4586-B2B4-773237750209}.Release|Any CPU.ActiveCfg = Release|Any CPU
		{26DEE86A-B4D2-4586-B2B4-773237750209}.Release|Any CPU.Build.0 = Release|Any CPU
		{39C123F5-204D-43D2-883B-34DF70699F20}.Debug|Any CPU.ActiveCfg = Debug|Any CPU
		{39C123F5-204D-43D2-883B-34DF70699F20}.Debug|Any CPU.Build.0 = Debug|Any CPU
		{39C123F5-204D-43D2-883B-34DF70699F20}.Release|Any CPU.ActiveCfg = Release|Any CPU
		{39C123F5-204D-43D2-883B-34DF70699F20}.Release|Any CPU.Build.0 = Release|Any CPU
	EndGlobalSection
	GlobalSection(SolutionProperties) = preSolution
		HideSolutionNode = FALSE
	EndGlobalSection
	GlobalSection(NestedProjects) = preSolution
		{72F8804C-46E9-4223-9E22-DCA8ACFC8995} = {A8E356E0-2152-442A-9527-F7D47D2B635A}
		{B1CC8E94-466B-43FB-AF21-68BDB43EED23} = {A8E356E0-2152-442A-9527-F7D47D2B635A}
		{D69C378F-21A2-42EB-9A35-13C30267FA6C} = {A8E356E0-2152-442A-9527-F7D47D2B635A}
		{4A3D317B-A094-4808-AF7D-6614704CDA02} = {72F8804C-46E9-4223-9E22-DCA8ACFC8995}
		{83F96F3C-3926-435D-B039-7CE1BFA40467} = {72F8804C-46E9-4223-9E22-DCA8ACFC8995}
		{969B4BE2-948C-4813-967F-D55D4C4C3EBA} = {B1CC8E94-466B-43FB-AF21-68BDB43EED23}
		{27049D52-0719-441F-88AD-DFE5685EEA18} = {B1CC8E94-466B-43FB-AF21-68BDB43EED23}
		{26DEE86A-B4D2-4586-B2B4-773237750209} = {D69C378F-21A2-42EB-9A35-13C30267FA6C}
		{39C123F5-204D-43D2-883B-34DF70699F20} = {D69C378F-21A2-42EB-9A35-13C30267FA6C}
	EndGlobalSection
	GlobalSection(ExtensibilityGlobals) = postSolution
		SolutionGuid = {CDFCDAF7-BF74-4854-AAEA-5853EBBB7F22}
	EndGlobalSection
EndGlobal
